
Microsoft Visual Studio Solution File, Format Version 12.00
# Visual Studio Version 17
VisualStudioVersion = 17.3.32825.248
MinimumVisualStudioVersion = 10.0.40219.1
Project("{FAE04EC0-301F-11D3-BF4B-00C04F79EFBC}") = "Restaurant.IntegrationEvents", "Restaurant.IntegrationEvents\Restaurant.IntegrationEvents.csproj", "{9E9862A9-7FA5-4EB2-AFE9-141CFCA3982E}"
EndProject
Global
	GlobalSection(SolutionConfigurationPlatforms) = preSolution
		Debug|Any CPU = Debug|Any CPU
		Release|Any CPU = Release|Any CPU
	EndGlobalSection
	GlobalSection(ProjectConfigurationPlatforms) = postSolution
		{9E9862A9-7FA5-4EB2-AFE9-141CFCA3982E}.Debug|Any CPU.ActiveCfg = Debug|Any CPU
		{9E9862A9-7FA5-4EB2-AFE9-141CFCA3982E}.Debug|Any CPU.Build.0 = Debug|Any CPU
		{9E9862A9-7FA5-4EB2-AFE9-141CFCA3982E}.Release|Any CPU.ActiveCfg = Release|Any CPU
		{9E9862A9-7FA5-4EB2-AFE9-141CFCA3982E}.Release|Any CPU.Build.0 = Release|Any CPU
	EndGlobalSection
	GlobalSection(SolutionProperties) = preSolution
		HideSolutionNode = FALSE
	EndGlobalSection
	GlobalSection(ExtensibilityGlobals) = postSolution
		SolutionGuid = {FD6E3DC3-9D06-4543-B887-C8ABE12BBEC9}
	EndGlobalSection
EndGlobal
